
Microsoft Visual Studio Solution File, Format Version 12.00
# Visual Studio Version 17
VisualStudioVersion = 17.12.35527.113 d17.12
MinimumVisualStudioVersion = 10.0.40219.1
Project("{FAE04EC0-301F-11D3-BF4B-00C04F79EFBC}") = "DemoProject", "DemoProject\DemoProject.csproj", "{78374DF2-879E-42D5-AC10-3EE7B2E2BF8E}"
EndProject
Project("{FAE04EC0-301F-11D3-BF4B-00C04F79EFBC}") = "DemoProject.Tests", "DemoProject.Tests\DemoProject.Tests.csproj", "{C87D5C04-0CE9-4181-87D7-FB38A3CB5C76}"
EndProject
Project("{FAE04EC0-301F-11D3-BF4B-00C04F79EFBC}") = "DemoProject.Model", "DemoProject.Model\DemoProject.Model.csproj", "{F4FA9FF9-2E34-401E-9329-1802E67D6B41}"
EndProject
Project("{FAE04EC0-301F-11D3-BF4B-00C04F79EFBC}") = "DemoProject.Data", "DemoProject.Data\DemoProject.Data.csproj", "{9F64FCE1-0CB0-4B8C-92FD-1F7F4CD9508A}"
EndProject
Project("{FAE04EC0-301F-11D3-BF4B-00C04F79EFBC}") = "DemoProject.Service", "DemoProject.Service\DemoProject.Service.csproj", "{475CA4C2-A9BD-4781-A593-107BEDCB28DD}"
EndProject
Global
	GlobalSection(SolutionConfigurationPlatforms) = preSolution
		Debug|Any CPU = Debug|Any CPU
		Release|Any CPU = Release|Any CPU
	EndGlobalSection
	GlobalSection(ProjectConfigurationPlatforms) = postSolution
		{78374DF2-879E-42D5-AC10-3EE7B2E2BF8E}.Debug|Any CPU.ActiveCfg = Debug|Any CPU
		{78374DF2-879E-42D5-AC10-3EE7B2E2BF8E}.Debug|Any CPU.Build.0 = Debug|Any CPU
		{78374DF2-879E-42D5-AC10-3EE7B2E2BF8E}.Release|Any CPU.ActiveCfg = Release|Any CPU
		{78374DF2-879E-42D5-AC10-3EE7B2E2BF8E}.Release|Any CPU.Build.0 = Release|Any CPU
		{C87D5C04-0CE9-4181-87D7-FB38A3CB5C76}.Debug|Any CPU.ActiveCfg = Debug|Any CPU
		{C87D5C04-0CE9-4181-87D7-FB38A3CB5C76}.Debug|Any CPU.Build.0 = Debug|Any CPU
		{C87D5C04-0CE9-4181-87D7-FB38A3CB5C76}.Release|Any CPU.ActiveCfg = Release|Any CPU
		{C87D5C04-0CE9-4181-87D7-FB38A3CB5C76}.Release|Any CPU.Build.0 = Release|Any CPU
		{F4FA9FF9-2E34-401E-9329-1802E67D6B41}.Debug|Any CPU.ActiveCfg = Debug|Any CPU
		{F4FA9FF9-2E34-401E-9329-1802E67D6B41}.Debug|Any CPU.Build.0 = Debug|Any CPU
		{F4FA9FF9-2E34-401E-9329-1802E67D6B41}.Release|Any CPU.ActiveCfg = Release|Any CPU
		{F4FA9FF9-2E34-401E-9329-1802E67D6B41}.Release|Any CPU.Build.0 = Release|Any CPU
		{9F64FCE1-0CB0-4B8C-92FD-1F7F4CD9508A}.Debug|Any CPU.ActiveCfg = Debug|Any CPU
		{9F64FCE1-0CB0-4B8C-92FD-1F7F4CD9508A}.Debug|Any CPU.Build.0 = Debug|Any CPU
		{9F64FCE1-0CB0-4B8C-92FD-1F7F4CD9508A}.Release|Any CPU.ActiveCfg = Release|Any CPU
		{9F64FCE1-0CB0-4B8C-92FD-1F7F4CD9508A}.Release|Any CPU.Build.0 = Release|Any CPU
		{475CA4C2-A9BD-4781-A593-107BEDCB28DD}.Debug|Any CPU.ActiveCfg = Debug|Any CPU
		{475CA4C2-A9BD-4781-A593-107BEDCB28DD}.Debug|Any CPU.Build.0 = Debug|Any CPU
		{475CA4C2-A9BD-4781-A593-107BEDCB28DD}.Release|Any CPU.ActiveCfg = Release|Any CPU
		{475CA4C2-A9BD-4781-A593-107BEDCB28DD}.Release|Any CPU.Build.0 = Release|Any CPU
	EndGlobalSection
	GlobalSection(SolutionProperties) = preSolution
		HideSolutionNode = FALSE
	EndGlobalSection
EndGlobal
